{
  "name": "@moncface/mon-cli",
  "version": "0.1.0",
  "lockfileVersion": 3,
  "requires": true,
  "packages": {
    "": {
      "name": "@moncface/mon-cli",
      "version": "0.1.0",
      "license": "Apache-2.0",
      "dependencies": {
        "mon-tab": "^0.1.0"
      },
      "bin": {
        "mon": "bin/mon-tab.js",
        "mon-tab": "bin/mon-tab.js"
      },
      "engines": {
        "node": ">=18.0.0"
      }
    },
    "node_modules/mon-tab": {
      "version": "0.1.0",
      "resolved": "https://registry.npmjs.org/mon-tab/-/mon-tab-0.1.0.tgz",
      "integrity": "sha512-NWxts7ZSEQ9XP5hAGIEC4wHwlLfP+bhdto1njxA0hk+DLeZts7Ia60Xzp4WJ0o8EW4bnPJnjznyZUKF994ZUwQ==",
      "license": "MIT",
      "bin": {
        "mon": "cli/bin/mon-tab.js",
        "mon-tab": "cli/bin/mon-tab.js"
      },
      "engines": {
        "node": ">=18.0.0"
      }
    }
  }
}
